{
  "checksum": "5777f1765a49ce9ce648350a43c0db3f180351044e44d099a5663578c5bada8b",
  "crates": {
    "arrayref 0.3.7": {
      "name": "arrayref",
      "version": "0.3.7",
      "package_url": "https://github.com/droundy/arrayref",
      "repository": {
        "Http": {
          "url": "https://crates.io/api/v1/crates/arrayref/0.3.7/download",
          "sha256": "6b4930d2cb77ce62f89ee5d5289b4ac049559b1c45539271f5ed4fdc7db34545"
        }
      },
      "targets": [
        {
          "Library": {
            "crate_name": "arrayref",
            "crate_root": "src/lib.rs",
            "srcs": [
              "**/*.rs"
            ]
          }
        }
      ],
      "library_target_name": "arrayref",
      "common_attrs": {
        "compile_data_glob": [
          "**"
        ],
        "edition": "2015",
        "version": "0.3.7"
      },
      "license": "BSD-2-Clause",
      "license_ids": [
        "BSD-2-Clause"
      ],
      "license_file": null
    },
    "block-buffer 0.7.3": {
      "name": "block-buffer",
      "version": "0.7.3",
      "package_url": "https://github.com/RustCrypto/utils",
      "repository": {
        "Http": {
          "url": "https://crates.io/api/v1/crates/block-buffer/0.7.3/download",
          "sha256": "c0940dc441f31689269e10ac70eb1002a3a1d3ad1390e030043662eb7fe4688b"
        }
      },
      "targets": [
        {
          "Library": {
            "crate_name": "block_buffer",
            "crate_root": "src/lib.rs",
            "srcs": [
              "**/*.rs"
            ]
          }
        }
      ],
      "library_target_name": "block_buffer",
      "common_attrs": {
        "compile_data_glob": [
          "**"
        ],
        "deps": {
          "common": [
            {
              "id": "block-padding 0.1.5",
              "target": "block_padding"
            },
            {
              "id": "byte-tools 0.3.1",
              "target": "byte_tools"
            },
            {
              "id": "byteorder 1.5.0",
              "target": "byteorder"
            },
            {
              "id": "generic-array 0.12.4",
              "target": "generic_array"
            }
          ],
          "selects": {}
        },
        "edition": "2015",
        "version": "0.7.3"
      },
      "license": "MIT OR Apache-2.0",
      "license_ids": [
        "Apache-2.0",
        "MIT"
      ],
      "license_file": null
    },
    "block-padding 0.1.5": {
      "name": "block-padding",
      "version": "0.1.5",
      "package_url": "https://github.com/RustCrypto/utils",
      "repository": {
        "Http": {
          "url": "https://crates.io/api/v1/crates/block-padding/0.1.5/download",
          "sha256": "fa79dedbb091f449f1f39e53edf88d5dbe95f895dae6135a8d7b881fb5af73f5"
        }
      },
      "targets": [
        {
          "Library": {
            "crate_name": "block_padding",
            "crate_root": "src/lib.rs",
            "srcs": [
              "**/*.rs"
            ]
          }
        }
      ],
      "library_target_name": "block_padding",
      "common_attrs": {
        "compile_data_glob": [
          "**"
        ],
        "deps": {
          "common": [
            {
              "id": "byte-tools 0.3.1",
              "target": "byte_tools"
            }
          ],
          "selects": {}
        },
        "edition": "2015",
        "version": "0.1.5"
      },
      "license": "MIT OR Apache-2.0",
      "license_ids": [
        "Apache-2.0",
        "MIT"
      ],
      "license_file": null
    },
    "bumpalo 3.15.0": {
      "name": "bumpalo",
      "version": "3.15.0",
      "package_url": "https://github.com/fitzgen/bumpalo",
      "repository": {
        "Http": {
          "url": "https://crates.io/api/v1/crates/bumpalo/3.15.0/download",
          "sha256": "d32a994c2b3ca201d9b263612a374263f05e7adde37c4707f693dcd375076d1f"
        }
      },
      "targets": [
        {
          "Library": {
            "crate_name": "bumpalo",
            "crate_root": "src/lib.rs",
            "srcs": [
              "**/*.rs"
            ]
          }
        }
      ],
      "library_target_name": "bumpalo",
      "common_attrs": {
        "compile_data_glob": [
          "**"
        ],
        "crate_features": {
          "common": [
            "default"
          ],
          "selects": {}
        },
        "edition": "2021",
        "version": "3.15.0"
      },
      "license": "MIT OR Apache-2.0",
      "license_ids": [
        "Apache-2.0",
        "MIT"
      ],
      "license_file": null
    },
    "byte-tools 0.3.1": {
      "name": "byte-tools",
      "version": "0.3.1",
      "package_url": "https://github.com/RustCrypto/utils",
      "repository": {
        "Http": {
          "url": "https://crates.io/api/v1/crates/byte-tools/0.3.1/download",
          "sha256": "e3b5ca7a04898ad4bcd41c90c5285445ff5b791899bb1b0abdd2a2aa791211d7"
        }
      },
      "targets": [
        {
          "Library": {
            "crate_name": "byte_tools",
            "crate_root": "src/lib.rs",
            "srcs": [
              "**/*.rs"
            ]
          }
        }
      ],
      "library_target_name": "byte_tools",
      "common_attrs": {
        "compile_data_glob": [
          "**"
        ],
        "edition": "2015",
        "version": "0.3.1"
      },
      "license": "MIT OR Apache-2.0",
      "license_ids": [
        "Apache-2.0",
        "MIT"
      ],
      "license_file": null
    },
    "byteorder 1.5.0": {
      "name": "byteorder",
      "version": "1.5.0",
      "package_url": "https://github.com/BurntSushi/byteorder",
      "repository": {
        "Http": {
          "url": "https://crates.io/api/v1/crates/byteorder/1.5.0/download",
          "sha256": "1fd0f2584146f6f2ef48085050886acf353beff7305ebd1ae69500e27c67f64b"
        }
      },
      "targets": [
        {
          "Library": {
            "crate_name": "byteorder",
            "crate_root": "src/lib.rs",
            "srcs": [
              "**/*.rs"
            ]
          }
        }
      ],
      "library_target_name": "byteorder",
      "common_attrs": {
        "compile_data_glob": [
          "**"
        ],
        "edition": "2021",
        "version": "1.5.0"
      },
      "license": "Unlicense OR MIT",
      "license_ids": [
        "MIT",
        "Unlicense"
      ],
      "license_file": null
    },
    "cfg-if 1.0.0": {
      "name": "cfg-if",
      "version": "1.0.0",
      "package_url": "https://github.com/alexcrichton/cfg-if",
      "repository": {
        "Http": {
          "url": "https://crates.io/api/v1/crates/cfg-if/1.0.0/download",
          "sha256": "baf1de4339761588bc0619e3cbc0120ee582ebb74b53b4efbf79117bd2da40fd"
        }
      },
      "targets": [
        {
          "Library": {
            "crate_name": "cfg_if",
            "crate_root": "src/lib.rs",
            "srcs": [
              "**/*.rs"
            ]
          }
        }
      ],
      "library_target_name": "cfg_if",
      "common_attrs": {
        "compile_data_glob": [
          "**"
        ],
        "edition": "2018",
        "version": "1.0.0"
      },
      "license": "MIT/Apache-2.0",
      "license_ids": [
        "Apache-2.0",
        "MIT"
      ],
      "license_file": null
    },
    "digest 0.8.1": {
      "name": "digest",
      "version": "0.8.1",
      "package_url": "https://github.com/RustCrypto/traits",
      "repository": {
        "Http": {
          "url": "https://crates.io/api/v1/crates/digest/0.8.1/download",
          "sha256": "f3d0c8c8752312f9713efd397ff63acb9f85585afbf179282e720e7704954dd5"
        }
      },
      "targets": [
        {
          "Library": {
            "crate_name": "digest",
            "crate_root": "src/lib.rs",
            "srcs": [
              "**/*.rs"
            ]
          }
        }
      ],
      "library_target_name": "digest",
      "common_attrs": {
        "compile_data_glob": [
          "**"
        ],
        "crate_features": {
          "common": [
            "std"
          ],
          "selects": {}
        },
        "deps": {
          "common": [
            {
              "id": "generic-array 0.12.4",
              "target": "generic_array"
            }
          ],
          "selects": {}
        },
        "edition": "2015",
        "version": "0.8.1"
      },
      "license": "MIT OR Apache-2.0",
      "license_ids": [
        "Apache-2.0",
        "MIT"
      ],
      "license_file": null
    },
    "direct-cargo-bazel-deps 0.0.1": {
      "name": "direct-cargo-bazel-deps",
      "version": "0.0.1",
      "package_url": null,
      "repository": null,
      "targets": [
        {
          "Library": {
            "crate_name": "direct_cargo_bazel_deps",
            "crate_root": ".direct_cargo_bazel_deps.rs",
            "srcs": [
              "**/*.rs"
            ]
          }
        }
      ],
      "library_target_name": "direct_cargo_bazel_deps",
      "common_attrs": {
        "compile_data_glob": [
          "**"
        ],
        "deps": {
          "common": [
            {
              "id": "getrandom 0.2.12",
              "target": "getrandom"
            },
            {
              "id": "imp 0.1.0",
              "target": "imp"
            }
          ],
          "selects": {}
        },
        "edition": "2018",
        "version": "0.0.1"
      },
      "license": null,
      "license_ids": [],
      "license_file": null
    },
    "fake-simd 0.1.2": {
      "name": "fake-simd",
      "version": "0.1.2",
      "package_url": "https://github.com/RustCrypto/utils",
      "repository": {
        "Http": {
          "url": "https://crates.io/api/v1/crates/fake-simd/0.1.2/download",
          "sha256": "e88a8acf291dafb59c2d96e8f59828f3838bb1a70398823ade51a84de6a6deed"
        }
      },
      "targets": [
        {
          "Library": {
            "crate_name": "fake_simd",
            "crate_root": "src/lib.rs",
            "srcs": [
              "**/*.rs"
            ]
          }
        }
      ],
      "library_target_name": "fake_simd",
      "common_attrs": {
        "compile_data_glob": [
          "**"
        ],
        "edition": "2015",
        "version": "0.1.2"
      },
      "license": "MIT/Apache-2.0",
      "license_ids": [
        "Apache-2.0",
        "MIT"
      ],
      "license_file": null
    },
    "generic-array 0.12.4": {
      "name": "generic-array",
      "version": "0.12.4",
      "package_url": "https://github.com/fizyk20/generic-array.git",
      "repository": {
        "Http": {
          "url": "https://crates.io/api/v1/crates/generic-array/0.12.4/download",
          "sha256": "ffdf9f34f1447443d37393cc6c2b8313aebddcd96906caf34e54c68d8e57d7bd"
        }
      },
      "targets": [
        {
          "Library": {
            "crate_name": "generic_array",
            "crate_root": "src/lib.rs",
            "srcs": [
              "**/*.rs"
            ]
          }
        }
      ],
      "library_target_name": "generic_array",
      "common_attrs": {
        "compile_data_glob": [
          "**"
        ],
        "deps": {
          "common": [
            {
              "id": "typenum 1.17.0",
              "target": "typenum"
            }
          ],
          "selects": {}
        },
        "edition": "2015",
        "version": "0.12.4"
      },
      "license": "MIT",
      "license_ids": [
        "MIT"
      ],
      "license_file": null
    },
    "getrandom 0.2.12": {
      "name": "getrandom",
      "version": "0.2.12",
      "package_url": "https://github.com/rust-random/getrandom",
      "repository": {
        "Http": {
          "url": "https://crates.io/api/v1/crates/getrandom/0.2.12/download",
          "sha256": "190092ea657667030ac6a35e305e62fc4dd69fd98ac98631e5d3a2b1575a12b5"
        }
      },
      "targets": [
        {
          "Library": {
            "crate_name": "getrandom",
            "crate_root": "src/lib.rs",
            "srcs": [
              "**/*.rs"
            ]
          }
        }
      ],
      "library_target_name": "getrandom",
      "common_attrs": {
        "compile_data_glob": [
          "**"
        ],
        "crate_features": {
          "common": [
            "js",
            "js-sys",
            "wasm-bindgen"
          ],
          "selects": {}
        },
        "deps": {
          "common": [
            {
              "id": "cfg-if 1.0.0",
              "target": "cfg_if"
            }
          ],
          "selects": {
            "cfg(all(any(target_arch = \"wasm32\", target_arch = \"wasm64\"), target_os = \"unknown\"))": [
              {
                "id": "js-sys 0.3.68",
                "target": "js_sys"
              },
              {
                "id": "wasm-bindgen 0.2.91",
                "target": "wasm_bindgen"
              }
            ],
            "cfg(target_os = \"wasi\")": [
              {
                "id": "wasi 0.11.0+wasi-snapshot-preview1",
                "target": "wasi"
              }
            ],
            "cfg(unix)": [
              {
                "id": "libc 0.2.153",
                "target": "libc"
              }
            ]
          }
        },
        "edition": "2018",
        "version": "0.2.12"
      },
      "license": "MIT OR Apache-2.0",
      "license_ids": [
        "Apache-2.0",
        "MIT"
      ],
      "license_file": null
    },
    "imp 0.1.0": {
      "name": "imp",
      "version": "0.1.0",
      "package_url": "https://github.com/lightclient/imp",
      "repository": {
        "Http": {
          "url": "https://crates.io/api/v1/crates/imp/0.1.0/download",
          "sha256": "015f618e11715d4c739509a030fdac9278f2b036a74ca008889e95a9e186cc0e"
        }
      },
      "targets": [
        {
          "Library": {
            "crate_name": "imp",
            "crate_root": "src/lib.rs",
            "srcs": [
              "**/*.rs"
            ]
          }
        }
      ],
      "library_target_name": "imp",
      "common_attrs": {
        "compile_data_glob": [
          "**"
        ],
        "crate_features": {
          "common": [
            "default",
            "std"
          ],
          "selects": {}
        },
        "deps": {
          "common": [
            {
              "id": "arrayref 0.3.7",
              "target": "arrayref"
            },
            {
              "id": "sha2 0.8.2",
              "target": "sha2"
            }
          ],
          "selects": {}
        },
        "edition": "2018",
        "version": "0.1.0"
      },
      "license": "Apache-2.0",
      "license_ids": [
        "Apache-2.0"
      ],
      "license_file": null
    },
    "js-sys 0.3.68": {
      "name": "js-sys",
      "version": "0.3.68",
      "package_url": "https://github.com/rustwasm/wasm-bindgen/tree/master/crates/js-sys",
      "repository": {
        "Http": {
          "url": "https://crates.io/api/v1/crates/js-sys/0.3.68/download",
          "sha256": "406cda4b368d531c842222cf9d2600a9a4acce8d29423695379c6868a143a9ee"
        }
      },
      "targets": [
        {
          "Library": {
            "crate_name": "js_sys",
            "crate_root": "src/lib.rs",
            "srcs": [
              "**/*.rs"
            ]
          }
        }
      ],
      "library_target_name": "js_sys",
      "common_attrs": {
        "compile_data_glob": [
          "**"
        ],
        "deps": {
          "common": [
            {
              "id": "wasm-bindgen 0.2.91",
              "target": "wasm_bindgen"
            }
          ],
          "selects": {}
        },
        "edition": "2018",
        "version": "0.3.68"
      },
      "license": "MIT OR Apache-2.0",
      "license_ids": [
        "Apache-2.0",
        "MIT"
      ],
      "license_file": null
    },
    "libc 0.2.153": {
      "name": "libc",
      "version": "0.2.153",
      "package_url": "https://github.com/rust-lang/libc",
      "repository": {
        "Http": {
          "url": "https://crates.io/api/v1/crates/libc/0.2.153/download",
          "sha256": "9c198f91728a82281a64e1f4f9eeb25d82cb32a5de251c6bd1b5154d63a8e7bd"
        }
      },
      "targets": [
        {
          "Library": {
            "crate_name": "libc",
            "crate_root": "src/lib.rs",
            "srcs": [
              "**/*.rs"
            ]
          }
        },
        {
          "BuildScript": {
            "crate_name": "build_script_build",
            "crate_root": "build.rs",
            "srcs": [
              "**/*.rs"
            ]
          }
        }
      ],
      "library_target_name": "libc",
      "common_attrs": {
        "compile_data_glob": [
          "**"
        ],
        "deps": {
          "common": [
            {
              "id": "libc 0.2.153",
              "target": "build_script_build"
            }
          ],
          "selects": {}
        },
        "edition": "2015",
        "version": "0.2.153"
      },
      "build_script_attrs": {
        "data_glob": [
          "**"
        ]
      },
      "license": "MIT OR Apache-2.0",
      "license_ids": [
        "Apache-2.0",
        "MIT"
      ],
      "license_file": null
    },
    "log 0.4.20": {
      "name": "log",
      "version": "0.4.20",
      "package_url": "https://github.com/rust-lang/log",
      "repository": {
        "Http": {
          "url": "https://crates.io/api/v1/crates/log/0.4.20/download",
          "sha256": "b5e6163cb8c49088c2c36f57875e58ccd8c87c7427f7fbd50ea6710b2f3f2e8f"
        }
      },
      "targets": [
        {
          "Library": {
            "crate_name": "log",
            "crate_root": "src/lib.rs",
            "srcs": [
              "**/*.rs"
            ]
          }
        }
      ],
      "library_target_name": "log",
      "common_attrs": {
        "compile_data_glob": [
          "**"
        ],
        "edition": "2015",
        "version": "0.4.20"
      },
      "license": "MIT OR Apache-2.0",
      "license_ids": [
        "Apache-2.0",
        "MIT"
      ],
      "license_file": null
    },
    "once_cell 1.19.0": {
      "name": "once_cell",
      "version": "1.19.0",
      "package_url": "https://github.com/matklad/once_cell",
      "repository": {
        "Http": {
          "url": "https://crates.io/api/v1/crates/once_cell/1.19.0/download",
          "sha256": "3fdb12b2476b595f9358c5161aa467c2438859caa136dec86c26fdd2efe17b92"
        }
      },
      "targets": [
        {
          "Library": {
            "crate_name": "once_cell",
            "crate_root": "src/lib.rs",
            "srcs": [
              "**/*.rs"
            ]
          }
        }
      ],
      "library_target_name": "once_cell",
      "common_attrs": {
        "compile_data_glob": [
          "**"
        ],
        "crate_features": {
          "common": [
            "alloc",
            "default",
            "race",
            "std"
          ],
          "selects": {}
        },
        "edition": "2021",
        "version": "1.19.0"
      },
      "license": "MIT OR Apache-2.0",
      "license_ids": [
        "Apache-2.0",
        "MIT"
      ],
      "license_file": null
    },
    "opaque-debug 0.2.3": {
      "name": "opaque-debug",
      "version": "0.2.3",
      "package_url": "https://github.com/RustCrypto/utils",
      "repository": {
        "Http": {
          "url": "https://crates.io/api/v1/crates/opaque-debug/0.2.3/download",
          "sha256": "2839e79665f131bdb5782e51f2c6c9599c133c6098982a54c794358bf432529c"
        }
      },
      "targets": [
        {
          "Library": {
            "crate_name": "opaque_debug",
            "crate_root": "src/lib.rs",
            "srcs": [
              "**/*.rs"
            ]
          }
        }
      ],
      "library_target_name": "opaque_debug",
      "common_attrs": {
        "compile_data_glob": [
          "**"
        ],
        "edition": "2015",
        "version": "0.2.3"
      },
      "license": "MIT OR Apache-2.0",
      "license_ids": [
        "Apache-2.0",
        "MIT"
      ],
      "license_file": null
    },
    "proc-macro2 1.0.78": {
      "name": "proc-macro2",
      "version": "1.0.78",
      "package_url": "https://github.com/dtolnay/proc-macro2",
      "repository": {
        "Http": {
          "url": "https://crates.io/api/v1/crates/proc-macro2/1.0.78/download",
          "sha256": "e2422ad645d89c99f8f3e6b88a9fdeca7fabeac836b1002371c4367c8f984aae"
        }
      },
      "targets": [
        {
          "Library": {
            "crate_name": "proc_macro2",
            "crate_root": "src/lib.rs",
            "srcs": [
              "**/*.rs"
            ]
          }
        },
        {
          "BuildScript": {
            "crate_name": "build_script_build",
            "crate_root": "build.rs",
            "srcs": [
              "**/*.rs"
            ]
          }
        }
      ],
      "library_target_name": "proc_macro2",
      "common_attrs": {
        "compile_data_glob": [
          "**"
        ],
        "crate_features": {
          "common": [
            "default",
            "proc-macro"
          ],
          "selects": {}
        },
        "deps": {
          "common": [
            {
              "id": "proc-macro2 1.0.78",
              "target": "build_script_build"
            },
            {
              "id": "unicode-ident 1.0.12",
              "target": "unicode_ident"
            }
          ],
          "selects": {}
        },
        "edition": "2021",
        "version": "1.0.78"
      },
      "build_script_attrs": {
        "data_glob": [
          "**"
        ]
      },
      "license": "MIT OR Apache-2.0",
      "license_ids": [
        "Apache-2.0",
        "MIT"
      ],
      "license_file": null
    },
    "quote 1.0.35": {
      "name": "quote",
      "version": "1.0.35",
      "package_url": "https://github.com/dtolnay/quote",
      "repository": {
        "Http": {
          "url": "https://crates.io/api/v1/crates/quote/1.0.35/download",
          "sha256": "291ec9ab5efd934aaf503a6466c5d5251535d108ee747472c3977cc5acc868ef"
        }
      },
      "targets": [
        {
          "Library": {
            "crate_name": "quote",
            "crate_root": "src/lib.rs",
            "srcs": [
              "**/*.rs"
            ]
          }
        }
      ],
      "library_target_name": "quote",
      "common_attrs": {
        "compile_data_glob": [
          "**"
        ],
        "crate_features": {
          "common": [
            "default",
            "proc-macro"
          ],
          "selects": {}
        },
        "deps": {
          "common": [
            {
              "id": "proc-macro2 1.0.78",
              "target": "proc_macro2"
            }
          ],
          "selects": {}
        },
        "edition": "2018",
        "version": "1.0.35"
      },
      "license": "MIT OR Apache-2.0",
      "license_ids": [
        "Apache-2.0",
        "MIT"
      ],
      "license_file": null
    },
    "sha2 0.8.2": {
      "name": "sha2",
      "version": "0.8.2",
      "package_url": "https://github.com/RustCrypto/hashes",
      "repository": {
        "Http": {
          "url": "https://crates.io/api/v1/crates/sha2/0.8.2/download",
          "sha256": "a256f46ea78a0c0d9ff00077504903ac881a1dafdc20da66545699e7776b3e69"
        }
      },
      "targets": [
        {
          "Library": {
            "crate_name": "sha2",
            "crate_root": "src/lib.rs",
            "srcs": [
              "**/*.rs"
            ]
          }
        }
      ],
      "library_target_name": "sha2",
      "common_attrs": {
        "compile_data_glob": [
          "**"
        ],
        "crate_features": {
          "common": [
            "default",
            "std"
          ],
          "selects": {}
        },
        "deps": {
          "common": [
            {
              "id": "block-buffer 0.7.3",
              "target": "block_buffer"
            },
            {
              "id": "digest 0.8.1",
              "target": "digest"
            },
            {
              "id": "fake-simd 0.1.2",
              "target": "fake_simd"
            },
            {
              "id": "opaque-debug 0.2.3",
              "target": "opaque_debug"
            }
          ],
          "selects": {}
        },
        "edition": "2015",
        "version": "0.8.2"
      },
      "license": "MIT OR Apache-2.0",
      "license_ids": [
        "Apache-2.0",
        "MIT"
      ],
      "license_file": null
    },
    "syn 2.0.49": {
      "name": "syn",
      "version": "2.0.49",
      "package_url": "https://github.com/dtolnay/syn",
      "repository": {
        "Http": {
          "url": "https://crates.io/api/v1/crates/syn/2.0.49/download",
          "sha256": "915aea9e586f80826ee59f8453c1101f9d1c4b3964cd2460185ee8e299ada496"
        }
      },
      "targets": [
        {
          "Library": {
            "crate_name": "syn",
            "crate_root": "src/lib.rs",
            "srcs": [
              "**/*.rs"
            ]
          }
        }
      ],
      "library_target_name": "syn",
      "common_attrs": {
        "compile_data_glob": [
          "**"
        ],
        "crate_features": {
          "common": [
            "clone-impls",
            "default",
            "derive",
            "full",
            "parsing",
            "printing",
            "proc-macro",
            "quote",
            "visit"
          ],
          "selects": {}
        },
        "deps": {
          "common": [
            {
              "id": "proc-macro2 1.0.78",
              "target": "proc_macro2"
            },
            {
              "id": "quote 1.0.35",
              "target": "quote"
            },
            {
              "id": "unicode-ident 1.0.12",
              "target": "unicode_ident"
            }
          ],
          "selects": {}
        },
        "edition": "2021",
        "version": "2.0.49"
      },
      "license": "MIT OR Apache-2.0",
      "license_ids": [
        "Apache-2.0",
        "MIT"
      ],
      "license_file": null
    },
    "typenum 1.17.0": {
      "name": "typenum",
      "version": "1.17.0",
      "package_url": "https://github.com/paholg/typenum",
      "repository": {
        "Http": {
          "url": "https://crates.io/api/v1/crates/typenum/1.17.0/download",
          "sha256": "42ff0bf0c66b8238c6f3b578df37d0b7848e55df8577b3f74f92a69acceeb825"
        }
      },
      "targets": [
        {
          "Library": {
            "crate_name": "typenum",
            "crate_root": "src/lib.rs",
            "srcs": [
              "**/*.rs"
            ]
          }
        },
        {
          "BuildScript": {
            "crate_name": "build_script_main",
            "crate_root": "build/main.rs",
            "srcs": [
              "**/*.rs"
            ]
          }
        }
      ],
      "library_target_name": "typenum",
      "common_attrs": {
        "compile_data_glob": [
          "**"
        ],
        "deps": {
          "common": [
            {
              "id": "typenum 1.17.0",
              "target": "build_script_main"
            }
          ],
          "selects": {}
        },
        "edition": "2018",
        "version": "1.17.0"
      },
      "build_script_attrs": {
        "data_glob": [
          "**"
        ]
      },
      "license": "MIT OR Apache-2.0",
      "license_ids": [
        "Apache-2.0",
        "MIT"
      ],
      "license_file": null
    },
    "unicode-ident 1.0.12": {
      "name": "unicode-ident",
      "version": "1.0.12",
      "package_url": "https://github.com/dtolnay/unicode-ident",
      "repository": {
        "Http": {
          "url": "https://crates.io/api/v1/crates/unicode-ident/1.0.12/download",
          "sha256": "3354b9ac3fae1ff6755cb6db53683adb661634f67557942dea4facebec0fee4b"
        }
      },
      "targets": [
        {
          "Library": {
            "crate_name": "unicode_ident",
            "crate_root": "src/lib.rs",
            "srcs": [
              "**/*.rs"
            ]
          }
        }
      ],
      "library_target_name": "unicode_ident",
      "common_attrs": {
        "compile_data_glob": [
          "**"
        ],
        "edition": "2018",
        "version": "1.0.12"
      },
      "license": "(MIT OR Apache-2.0) AND Unicode-DFS-2016",
      "license_ids": [
        "Apache-2.0",
        "MIT",
        "Unicode-DFS-2016"
      ],
      "license_file": null
    },
    "wasi 0.11.0+wasi-snapshot-preview1": {
      "name": "wasi",
      "version": "0.11.0+wasi-snapshot-preview1",
      "package_url": "https://github.com/bytecodealliance/wasi",
      "repository": {
        "Http": {
          "url": "https://crates.io/api/v1/crates/wasi/0.11.0+wasi-snapshot-preview1/download",
          "sha256": "9c8d87e72b64a3b4db28d11ce29237c246188f4f51057d65a7eab63b7987e423"
        }
      },
      "targets": [
        {
          "Library": {
            "crate_name": "wasi",
            "crate_root": "src/lib.rs",
            "srcs": [
              "**/*.rs"
            ]
          }
        }
      ],
      "library_target_name": "wasi",
      "common_attrs": {
        "compile_data_glob": [
          "**"
        ],
        "edition": "2018",
        "version": "0.11.0+wasi-snapshot-preview1"
      },
      "license": "Apache-2.0 WITH LLVM-exception OR Apache-2.0 OR MIT",
      "license_ids": [
        "Apache-2.0",
        "MIT"
      ],
      "license_file": null
    },
    "wasm-bindgen 0.2.91": {
      "name": "wasm-bindgen",
      "version": "0.2.91",
      "package_url": "https://github.com/rustwasm/wasm-bindgen",
      "repository": {
        "Http": {
          "url": "https://crates.io/api/v1/crates/wasm-bindgen/0.2.91/download",
          "sha256": "c1e124130aee3fb58c5bdd6b639a0509486b0338acaaae0c84a5124b0f588b7f"
        }
      },
      "targets": [
        {
          "Library": {
            "crate_name": "wasm_bindgen",
            "crate_root": "src/lib.rs",
            "srcs": [
              "**/*.rs"
            ]
          }
        },
        {
          "BuildScript": {
            "crate_name": "build_script_build",
            "crate_root": "build.rs",
            "srcs": [
              "**/*.rs"
            ]
          }
        }
      ],
      "library_target_name": "wasm_bindgen",
      "common_attrs": {
        "compile_data_glob": [
          "**"
        ],
        "crate_features": {
          "common": [
            "default",
            "spans",
            "std"
          ],
          "selects": {}
        },
        "deps": {
          "common": [
            {
              "id": "cfg-if 1.0.0",
              "target": "cfg_if"
            },
            {
              "id": "wasm-bindgen 0.2.91",
              "target": "build_script_build"
            }
          ],
          "selects": {}
        },
        "edition": "2018",
        "proc_macro_deps": {
          "common": [
            {
              "id": "wasm-bindgen-macro 0.2.91",
              "target": "wasm_bindgen_macro"
            }
          ],
          "selects": {}
        },
        "version": "0.2.91"
      },
      "build_script_attrs": {
        "data_glob": [
          "**"
        ]
      },
      "license": "MIT OR Apache-2.0",
      "license_ids": [
        "Apache-2.0",
        "MIT"
      ],
      "license_file": null
    },
    "wasm-bindgen-backend 0.2.91": {
      "name": "wasm-bindgen-backend",
      "version": "0.2.91",
      "package_url": "https://github.com/rustwasm/wasm-bindgen/tree/master/crates/backend",
      "repository": {
        "Http": {
          "url": "https://crates.io/api/v1/crates/wasm-bindgen-backend/0.2.91/download",
          "sha256": "c9e7e1900c352b609c8488ad12639a311045f40a35491fb69ba8c12f758af70b"
        }
      },
      "targets": [
        {
          "Library": {
            "crate_name": "wasm_bindgen_backend",
            "crate_root": "src/lib.rs",
            "srcs": [
              "**/*.rs"
            ]
          }
        }
      ],
      "library_target_name": "wasm_bindgen_backend",
      "common_attrs": {
        "compile_data_glob": [
          "**"
        ],
        "crate_features": {
          "common": [
            "spans"
          ],
          "selects": {}
        },
        "deps": {
          "common": [
            {
              "id": "bumpalo 3.15.0",
              "target": "bumpalo"
            },
            {
              "id": "log 0.4.20",
              "target": "log"
            },
            {
              "id": "once_cell 1.19.0",
              "target": "once_cell"
            },
            {
              "id": "proc-macro2 1.0.78",
              "target": "proc_macro2"
            },
            {
              "id": "quote 1.0.35",
              "target": "quote"
            },
            {
              "id": "syn 2.0.49",
              "target": "syn"
            },
            {
              "id": "wasm-bindgen-shared 0.2.91",
              "target": "wasm_bindgen_shared"
            }
          ],
          "selects": {}
        },
        "edition": "2018",
        "version": "0.2.91"
      },
      "license": "MIT OR Apache-2.0",
      "license_ids": [
        "Apache-2.0",
        "MIT"
      ],
      "license_file": null
    },
    "wasm-bindgen-macro 0.2.91": {
      "name": "wasm-bindgen-macro",
      "version": "0.2.91",
      "package_url": "https://github.com/rustwasm/wasm-bindgen/tree/master/crates/macro",
      "repository": {
        "Http": {
          "url": "https://crates.io/api/v1/crates/wasm-bindgen-macro/0.2.91/download",
          "sha256": "b30af9e2d358182b5c7449424f017eba305ed32a7010509ede96cdc4696c46ed"
        }
      },
      "targets": [
        {
          "ProcMacro": {
            "crate_name": "wasm_bindgen_macro",
            "crate_root": "src/lib.rs",
            "srcs": [
              "**/*.rs"
            ]
          }
        }
      ],
      "library_target_name": "wasm_bindgen_macro",
      "common_attrs": {
        "compile_data_glob": [
          "**"
        ],
        "crate_features": {
          "common": [
            "spans"
          ],
          "selects": {}
        },
        "deps": {
          "common": [
            {
              "id": "quote 1.0.35",
              "target": "quote"
            },
            {
              "id": "wasm-bindgen-macro-support 0.2.91",
              "target": "wasm_bindgen_macro_support"
            }
          ],
          "selects": {}
        },
        "edition": "2018",
        "version": "0.2.91"
      },
      "license": "MIT OR Apache-2.0",
      "license_ids": [
        "Apache-2.0",
        "MIT"
      ],
      "license_file": null
    },
    "wasm-bindgen-macro-support 0.2.91": {
      "name": "wasm-bindgen-macro-support",
      "version": "0.2.91",
      "package_url": "https://github.com/rustwasm/wasm-bindgen/tree/master/crates/macro-support",
      "repository": {
        "Http": {
          "url": "https://crates.io/api/v1/crates/wasm-bindgen-macro-support/0.2.91/download",
          "sha256": "642f325be6301eb8107a83d12a8ac6c1e1c54345a7ef1a9261962dfefda09e66"
        }
      },
      "targets": [
        {
          "Library": {
            "crate_name": "wasm_bindgen_macro_support",
            "crate_root": "src/lib.rs",
            "srcs": [
              "**/*.rs"
            ]
          }
        }
      ],
      "library_target_name": "wasm_bindgen_macro_support",
      "common_attrs": {
        "compile_data_glob": [
          "**"
        ],
        "crate_features": {
          "common": [
            "spans"
          ],
          "selects": {}
        },
        "deps": {
          "common": [
            {
              "id": "proc-macro2 1.0.78",
              "target": "proc_macro2"
            },
            {
              "id": "quote 1.0.35",
              "target": "quote"
            },
            {
              "id": "syn 2.0.49",
              "target": "syn"
            },
            {
              "id": "wasm-bindgen-backend 0.2.91",
              "target": "wasm_bindgen_backend"
            },
            {
              "id": "wasm-bindgen-shared 0.2.91",
              "target": "wasm_bindgen_shared"
            }
          ],
          "selects": {}
        },
        "edition": "2018",
        "version": "0.2.91"
      },
      "license": "MIT OR Apache-2.0",
      "license_ids": [
        "Apache-2.0",
        "MIT"
      ],
      "license_file": null
    },
    "wasm-bindgen-shared 0.2.91": {
      "name": "wasm-bindgen-shared",
      "version": "0.2.91",
      "package_url": "https://github.com/rustwasm/wasm-bindgen/tree/master/crates/shared",
      "repository": {
        "Http": {
          "url": "https://crates.io/api/v1/crates/wasm-bindgen-shared/0.2.91/download",
          "sha256": "4f186bd2dcf04330886ce82d6f33dd75a7bfcf69ecf5763b89fcde53b6ac9838"
        }
      },
      "targets": [
        {
          "Library": {
            "crate_name": "wasm_bindgen_shared",
            "crate_root": "src/lib.rs",
            "srcs": [
              "**/*.rs"
            ]
          }
        },
        {
          "BuildScript": {
            "crate_name": "build_script_build",
            "crate_root": "build.rs",
            "srcs": [
              "**/*.rs"
            ]
          }
        }
      ],
      "library_target_name": "wasm_bindgen_shared",
      "common_attrs": {
        "compile_data_glob": [
          "**"
        ],
        "deps": {
          "common": [
            {
              "id": "wasm-bindgen-shared 0.2.91",
              "target": "build_script_build"
            }
          ],
          "selects": {}
        },
        "edition": "2018",
        "version": "0.2.91"
      },
      "build_script_attrs": {
        "data_glob": [
          "**"
        ],
        "links": "wasm_bindgen"
      },
      "license": "MIT OR Apache-2.0",
      "license_ids": [
        "Apache-2.0",
        "MIT"
      ],
      "license_file": null
    }
  },
  "binary_crates": [],
  "workspace_members": {
    "direct-cargo-bazel-deps 0.0.1": ""
  },
  "conditions": {
    "aarch64-apple-darwin": [
      "aarch64-apple-darwin"
    ],
    "aarch64-apple-ios": [
      "aarch64-apple-ios"
    ],
    "aarch64-apple-ios-sim": [
      "aarch64-apple-ios-sim"
    ],
    "aarch64-fuchsia": [
      "aarch64-fuchsia"
    ],
    "aarch64-linux-android": [
      "aarch64-linux-android"
    ],
    "aarch64-pc-windows-msvc": [
      "aarch64-pc-windows-msvc"
    ],
    "aarch64-unknown-linux-gnu": [
      "aarch64-unknown-linux-gnu"
    ],
    "aarch64-unknown-nixos-gnu": [
      "aarch64-unknown-nixos-gnu"
    ],
    "aarch64-unknown-nto-qnx710": [
      "aarch64-unknown-nto-qnx710"
    ],
    "arm-unknown-linux-gnueabi": [
      "arm-unknown-linux-gnueabi"
    ],
    "armv7-linux-androideabi": [
      "armv7-linux-androideabi"
    ],
    "armv7-unknown-linux-gnueabi": [
      "armv7-unknown-linux-gnueabi"
    ],
    "cfg(all(any(target_arch = \"wasm32\", target_arch = \"wasm64\"), target_os = \"unknown\"))": [
      "wasm32-unknown-unknown"
    ],
    "cfg(target_os = \"wasi\")": [
      "wasm32-wasi"
    ],
    "cfg(unix)": [
      "aarch64-apple-darwin",
      "aarch64-apple-ios",
      "aarch64-apple-ios-sim",
      "aarch64-fuchsia",
      "aarch64-linux-android",
      "aarch64-unknown-linux-gnu",
      "aarch64-unknown-nixos-gnu",
      "aarch64-unknown-nto-qnx710",
      "arm-unknown-linux-gnueabi",
      "armv7-linux-androideabi",
      "armv7-unknown-linux-gnueabi",
      "i686-apple-darwin",
      "i686-linux-android",
      "i686-unknown-freebsd",
      "i686-unknown-linux-gnu",
      "powerpc-unknown-linux-gnu",
      "s390x-unknown-linux-gnu",
      "x86_64-apple-darwin",
      "x86_64-apple-ios",
      "x86_64-fuchsia",
      "x86_64-linux-android",
      "x86_64-unknown-freebsd",
      "x86_64-unknown-linux-gnu",
      "x86_64-unknown-nixos-gnu"
    ],
    "i686-apple-darwin": [
      "i686-apple-darwin"
    ],
    "i686-linux-android": [
      "i686-linux-android"
    ],
    "i686-pc-windows-msvc": [
      "i686-pc-windows-msvc"
    ],
    "i686-unknown-freebsd": [
      "i686-unknown-freebsd"
    ],
    "i686-unknown-linux-gnu": [
      "i686-unknown-linux-gnu"
    ],
    "powerpc-unknown-linux-gnu": [
      "powerpc-unknown-linux-gnu"
    ],
    "riscv32imc-unknown-none-elf": [
      "riscv32imc-unknown-none-elf"
    ],
    "riscv64gc-unknown-none-elf": [
      "riscv64gc-unknown-none-elf"
    ],
    "s390x-unknown-linux-gnu": [
      "s390x-unknown-linux-gnu"
    ],
    "thumbv7em-none-eabi": [
      "thumbv7em-none-eabi"
    ],
    "thumbv8m.main-none-eabi": [
      "thumbv8m.main-none-eabi"
    ],
    "wasm32-unknown-unknown": [
      "wasm32-unknown-unknown"
    ],
    "wasm32-wasi": [
      "wasm32-wasi"
    ],
    "x86_64-apple-darwin": [
      "x86_64-apple-darwin"
    ],
    "x86_64-apple-ios": [
      "x86_64-apple-ios"
    ],
    "x86_64-fuchsia": [
      "x86_64-fuchsia"
    ],
    "x86_64-linux-android": [
      "x86_64-linux-android"
    ],
    "x86_64-pc-windows-msvc": [
      "x86_64-pc-windows-msvc"
    ],
    "x86_64-unknown-freebsd": [
      "x86_64-unknown-freebsd"
    ],
    "x86_64-unknown-linux-gnu": [
      "x86_64-unknown-linux-gnu"
    ],
    "x86_64-unknown-nixos-gnu": [
      "x86_64-unknown-nixos-gnu"
    ],
    "x86_64-unknown-none": [
      "x86_64-unknown-none"
    ]
  },
  "direct_deps": [
    "getrandom 0.2.12",
    "imp 0.1.0"
  ],
  "direct_dev_deps": []
}
